
Microsoft Visual Studio Solution File, Format Version 12.00
# Visual Studio Version 17
VisualStudioVersion = 17.3.32901.215
MinimumVisualStudioVersion = 10.0.40219.1
Project("{8BC9CEB8-8B4A-11D0-8D11-00A0C91BC942}") = "basics_program_calculator", "basics_program_calculator\basics_program_calculator.vcxproj", "{7387980A-5AF3-4F80-9FDD-4495BA486CE6}"
EndProject
Global
	GlobalSection(SolutionConfigurationPlatforms) = preSolution
		Debug|x64 = Debug|x64
		Debug|x86 = Debug|x86
		Release|x64 = Release|x64
		Release|x86 = Release|x86
	EndGlobalSection
	GlobalSection(ProjectConfigurationPlatforms) = postSolution
		{7387980A-5AF3-4F80-9FDD-4495BA486CE6}.Debug|x64.ActiveCfg = Debug|x64
		{7387980A-5AF3-4F80-9FDD-4495BA486CE6}.Debug|x64.Build.0 = Debug|x64
		{7387980A-5AF3-4F80-9FDD-4495BA486CE6}.Debug|x86.ActiveCfg = Debug|Win32
		{7387980A-5AF3-4F80-9FDD-4495BA486CE6}.Debug|x86.Build.0 = Debug|Win32
		{7387980A-5AF3-4F80-9FDD-4495BA486CE6}.Release|x64.ActiveCfg = Release|x64
		{7387980A-5AF3-4F80-9FDD-4495BA486CE6}.Release|x64.Build.0 = Release|x64
		{7387980A-5AF3-4F80-9FDD-4495BA486CE6}.Release|x86.ActiveCfg = Release|Win32
		{7387980A-5AF3-4F80-9FDD-4495BA486CE6}.Release|x86.Build.0 = Release|Win32
	EndGlobalSection
	GlobalSection(SolutionProperties) = preSolution
		HideSolutionNode = FALSE
	EndGlobalSection
	GlobalSection(ExtensibilityGlobals) = postSolution
		SolutionGuid = {0601F1BC-D320-4DEC-8C31-8A4F835EFDE9}
	EndGlobalSection
EndGlobal
